
Microsoft Visual Studio Solution File, Format Version 12.00
# Visual Studio Version 16
VisualStudioVersion = 16.0.31410.357
MinimumVisualStudioVersion = 10.0.40219.1
Project("{FAE04EC0-301F-11D3-BF4B-00C04F79EFBC}") = "Billing", "Billing\Billing.csproj", "{7FB26ABA-A343-4E8E-8DFE-2464C8CA86E1}"
EndProject
Project("{FAE04EC0-301F-11D3-BF4B-00C04F79EFBC}") = "Billing.Service", "Billing.Service\Billing.Service.csproj", "{F97FAFB2-ADF0-4B15-A9E1-CCF268FA39CE}"
EndProject
Project("{FAE04EC0-301F-11D3-BF4B-00C04F79EFBC}") = "Billing.Data", "Billing.Data\Billing.Data.csproj", "{9237DB3C-5A5D-4E05-ABB1-A1A42284E2DF}"
EndProject
Project("{FAE04EC0-301F-11D3-BF4B-00C04F79EFBC}") = "Billing.Test", "Billing.Test\Billing.Test.csproj", "{47A6762B-672E-4B49-B3DF-090AF3F80BE5}"
EndProject
Global
	GlobalSection(SolutionConfigurationPlatforms) = preSolution
		Debug|Any CPU = Debug|Any CPU
		Release|Any CPU = Release|Any CPU
	EndGlobalSection
	GlobalSection(ProjectConfigurationPlatforms) = postSolution
		{7FB26ABA-A343-4E8E-8DFE-2464C8CA86E1}.Debug|Any CPU.ActiveCfg = Debug|Any CPU
		{7FB26ABA-A343-4E8E-8DFE-2464C8CA86E1}.Debug|Any CPU.Build.0 = Debug|Any CPU
		{7FB26ABA-A343-4E8E-8DFE-2464C8CA86E1}.Release|Any CPU.ActiveCfg = Release|Any CPU
		{7FB26ABA-A343-4E8E-8DFE-2464C8CA86E1}.Release|Any CPU.Build.0 = Release|Any CPU
		{F97FAFB2-ADF0-4B15-A9E1-CCF268FA39CE}.Debug|Any CPU.ActiveCfg = Debug|Any CPU
		{F97FAFB2-ADF0-4B15-A9E1-CCF268FA39CE}.Debug|Any CPU.Build.0 = Debug|Any CPU
		{F97FAFB2-ADF0-4B15-A9E1-CCF268FA39CE}.Release|Any CPU.ActiveCfg = Release|Any CPU
		{F97FAFB2-ADF0-4B15-A9E1-CCF268FA39CE}.Release|Any CPU.Build.0 = Release|Any CPU
		{9237DB3C-5A5D-4E05-ABB1-A1A42284E2DF}.Debug|Any CPU.ActiveCfg = Debug|Any CPU
		{9237DB3C-5A5D-4E05-ABB1-A1A42284E2DF}.Debug|Any CPU.Build.0 = Debug|Any CPU
		{9237DB3C-5A5D-4E05-ABB1-A1A42284E2DF}.Release|Any CPU.ActiveCfg = Release|Any CPU
		{9237DB3C-5A5D-4E05-ABB1-A1A42284E2DF}.Release|Any CPU.Build.0 = Release|Any CPU
		{47A6762B-672E-4B49-B3DF-090AF3F80BE5}.Debug|Any CPU.ActiveCfg = Debug|Any CPU
		{47A6762B-672E-4B49-B3DF-090AF3F80BE5}.Debug|Any CPU.Build.0 = Debug|Any CPU
		{47A6762B-672E-4B49-B3DF-090AF3F80BE5}.Release|Any CPU.ActiveCfg = Release|Any CPU
		{47A6762B-672E-4B49-B3DF-090AF3F80BE5}.Release|Any CPU.Build.0 = Release|Any CPU
	EndGlobalSection
	GlobalSection(SolutionProperties) = preSolution
		HideSolutionNode = FALSE
	EndGlobalSection
	GlobalSection(ExtensibilityGlobals) = postSolution
		SolutionGuid = {ABB6B9AE-3EC7-44C5-AC50-9E1D0B04F38D}
	EndGlobalSection
EndGlobal
